
Microsoft Visual Studio Solution File, Format Version 12.00
Project("{FAE04EC0-301F-11D3-BF4B-00C04F79EFBC}") = "BookStoreEF", "BookStoreEF\BookStoreEF.csproj", "{25D6B53C-299C-47B7-BBDE-1640DE7F9622}"
EndProject
Global
	GlobalSection(SolutionConfigurationPlatforms) = preSolution
		Debug|Any CPU = Debug|Any CPU
		Release|Any CPU = Release|Any CPU
	EndGlobalSection
	GlobalSection(ProjectConfigurationPlatforms) = postSolution
		{25D6B53C-299C-47B7-BBDE-1640DE7F9622}.Debug|Any CPU.ActiveCfg = Debug|Any CPU
		{25D6B53C-299C-47B7-BBDE-1640DE7F9622}.Debug|Any CPU.Build.0 = Debug|Any CPU
		{25D6B53C-299C-47B7-BBDE-1640DE7F9622}.Release|Any CPU.ActiveCfg = Release|Any CPU
		{25D6B53C-299C-47B7-BBDE-1640DE7F9622}.Release|Any CPU.Build.0 = Release|Any CPU
	EndGlobalSection
EndGlobal
